# @generated by Move, please check-in and do not edit manually.

[move]
version = 3
manifest_digest = "77B5CFC05F695D3BA934B023A5685372E4953E247949E82631717FAF0F3C7737"
deps_digest = "F8BBB0CCB2491CA29A3DF03D6F92277A4F3574266507ACD77214D37ECA3F3082"
dependencies = [
  { id = "Sui", name = "Sui" },
]

[[move.package]]
id = "MoveStdlib"
source = { local = "../../../crates/sui-framework/packages/move-stdlib" }

[[move.package]]
id = "Sui"
source = { local = "../../../crates/sui-framework/packages/sui-framework" }

dependencies = [
  { id = "MoveStdlib", name = "MoveStdlib" },
]

[move.toolchain-version]
compiler-version = "1.48.1"
edition = "2024.beta"
flavor = "sui"

[env]

[env.testnet]
chain-id = "4c78adac"
original-published-id = "0x3bd42c6aeaf10e81182d2a006c6d0c614c8017733475ea467a599a3536ed1f04"
latest-published-id = "0x3bd42c6aeaf10e81182d2a006c6d0c614c8017733475ea467a599a3536ed1f04"
published-version = "1"
