# @generated by Move, please check-in and do not edit manually.

[move]
version = 3
manifest_digest = "6296EB1E9D275F06F2207AE0F24EC391854B019FD46ED7A20A6F683EFDA85C5B"
deps_digest = "F8BBB0CCB2491CA29A3DF03D6F92277A4F3574266507ACD77214D37ECA3F3082"
dependencies = [
  { id = "Sui", name = "Sui" },
]

[[move.package]]
id = "MoveStdlib"
source = { git = "https://github.com/MystenLabs/sui.git", rev = "framework/testnet", subdir = "crates/sui-framework/packages/move-stdlib" }

[[move.package]]
id = "Sui"
source = { git = "https://github.com/MystenLabs/sui.git", rev = "framework/testnet", subdir = "crates/sui-framework/packages/sui-framework" }

dependencies = [
  { id = "MoveStdlib", name = "MoveStdlib" },
]

[move.toolchain-version]
compiler-version = "1.48.1"
edition = "2024.beta"
flavor = "sui"

[env]

[env.testnet]
chain-id = "4c78adac"
original-published-id = "0x2fe222b72d0d1b09a635ba733aa023a752bf4beec007e1bc0e24c5f86619f31b"
latest-published-id = "0x2fe222b72d0d1b09a635ba733aa023a752bf4beec007e1bc0e24c5f86619f31b"
published-version = "1"
